{
  "name": "monorepo-layout-demo",
  "version": "0.0.0",
  "lockfileVersion": 3,
  "requires": true,
  "packages": {
    "": {
      "name": "monorepo-layout-demo",
      "version": "0.0.0",
      "workspaces": [
        "packages/*"
      ]
    },
    "node_modules/api-service": {
      "resolved": "packages/api-service",
      "link": true
    },
    "node_modules/shared-utils": {
      "resolved": "packages/shared-utils",
      "link": true
    },
    "node_modules/web-app": {
      "resolved": "packages/web-app",
      "link": true
    },
    "packages/api-service": {
      "version": "1.0.0",
      "dependencies": {
        "shared-utils": "*"
      }
    },
    "packages/shared-utils": {
      "version": "1.0.0"
    },
    "packages/web-app": {
      "version": "1.0.0",
      "dependencies": {
        "shared-utils": "*"
      }
    }
  }
}
